
Microsoft Visual Studio Solution File, Format Version 12.00
# Visual Studio Version 16
VisualStudioVersion = 16.0.31702.278
MinimumVisualStudioVersion = 10.0.40219.1
Project("{FAE04EC0-301F-11D3-BF4B-00C04F79EFBC}") = "API_LOGS", "API_LOGS.csproj", "{135A777B-B23D-404F-9FE8-23465B1847BD}"
EndProject
Global
	GlobalSection(SolutionConfigurationPlatforms) = preSolution
		Debug|Any CPU = Debug|Any CPU
		Release|Any CPU = Release|Any CPU
	EndGlobalSection
	GlobalSection(ProjectConfigurationPlatforms) = postSolution
		{135A777B-B23D-404F-9FE8-23465B1847BD}.Debug|Any CPU.ActiveCfg = Debug|Any CPU
		{135A777B-B23D-404F-9FE8-23465B1847BD}.Debug|Any CPU.Build.0 = Debug|Any CPU
		{135A777B-B23D-404F-9FE8-23465B1847BD}.Release|Any CPU.ActiveCfg = Release|Any CPU
		{135A777B-B23D-404F-9FE8-23465B1847BD}.Release|Any CPU.Build.0 = Release|Any CPU
	EndGlobalSection
	GlobalSection(SolutionProperties) = preSolution
		HideSolutionNode = FALSE
	EndGlobalSection
	GlobalSection(ExtensibilityGlobals) = postSolution
		SolutionGuid = {0696E321-EBA7-4EF2-8AD9-53547C1F8420}
	EndGlobalSection
EndGlobal
